
Microsoft Visual Studio Solution File, Format Version 12.00
# Visual Studio Version 16
VisualStudioVersion = 16.0.30011.22
MinimumVisualStudioVersion = 10.0.40219.1
Project("{FAE04EC0-301F-11D3-BF4B-00C04F79EFBC}") = "AIDisplay", "src\AIDisplay\AIDisplay.csproj", "{CD227D1A-D84D-4442-8B99-DD1788EFF241}"
EndProject
Project("{2150E333-8FDC-42A3-9474-1A3956D46DE8}") = "Solution Items", "Solution Items", "{34C959FD-189B-46E0-A7BD-ED5724DD8C2A}"
	ProjectSection(SolutionItems) = preProject
		src\.editorconfig = src\.editorconfig
	EndProjectSection
EndProject
Project("{54435603-DBB4-11D2-8724-00A0C9A8B90C}") = "Installer", "src\Installer\Installer.vdproj", "{F9C871D2-65C2-4AD4-A9EC-42E5032762FD}"
EndProject
Global
	GlobalSection(SolutionConfigurationPlatforms) = preSolution
		Debug|Any CPU = Debug|Any CPU
		Debug|x64 = Debug|x64
		Release|Any CPU = Release|Any CPU
		Release|x64 = Release|x64
	EndGlobalSection
	GlobalSection(ProjectConfigurationPlatforms) = postSolution
		{CD227D1A-D84D-4442-8B99-DD1788EFF241}.Debug|Any CPU.ActiveCfg = Debug|Any CPU
		{CD227D1A-D84D-4442-8B99-DD1788EFF241}.Debug|Any CPU.Build.0 = Debug|Any CPU
		{CD227D1A-D84D-4442-8B99-DD1788EFF241}.Debug|x64.ActiveCfg = Debug|x64
		{CD227D1A-D84D-4442-8B99-DD1788EFF241}.Debug|x64.Build.0 = Debug|x64
		{CD227D1A-D84D-4442-8B99-DD1788EFF241}.Release|Any CPU.ActiveCfg = Release|Any CPU
		{CD227D1A-D84D-4442-8B99-DD1788EFF241}.Release|Any CPU.Build.0 = Release|Any CPU
		{CD227D1A-D84D-4442-8B99-DD1788EFF241}.Release|x64.ActiveCfg = Release|x64
		{CD227D1A-D84D-4442-8B99-DD1788EFF241}.Release|x64.Build.0 = Release|x64
		{F9C871D2-65C2-4AD4-A9EC-42E5032762FD}.Debug|Any CPU.ActiveCfg = Debug
		{F9C871D2-65C2-4AD4-A9EC-42E5032762FD}.Debug|Any CPU.Build.0 = Debug
		{F9C871D2-65C2-4AD4-A9EC-42E5032762FD}.Debug|x64.ActiveCfg = Debug
		{F9C871D2-65C2-4AD4-A9EC-42E5032762FD}.Release|Any CPU.ActiveCfg = Release
		{F9C871D2-65C2-4AD4-A9EC-42E5032762FD}.Release|Any CPU.Build.0 = Release
		{F9C871D2-65C2-4AD4-A9EC-42E5032762FD}.Release|x64.ActiveCfg = Release
	EndGlobalSection
	GlobalSection(SolutionProperties) = preSolution
		HideSolutionNode = FALSE
	EndGlobalSection
	GlobalSection(ExtensibilityGlobals) = postSolution
		SolutionGuid = {968075E7-594A-4106-97D9-0E3F5A130800}
	EndGlobalSection
EndGlobal
